<Solution>
  <Project Path="ScreenRecorderApp.Tests/ScreenRecorderApp.Tests.csproj" />
  <Project Path="ScreenRecorderApp/ScreenRecorderApp.csproj" />
  <Project Path="ScreenRecorderLib/ScreenRecorderLib.csproj" />
  <Project Path="ScreenRecorderCore/ScreenRecorderCore.csproj" />
  <Project Path="ScreenRecorderTests/ScreenRecorderTests.csproj" />
</Solution>
